// !$*UTF8*$!
{
	archiveVersion = 1;
	classes = {
	};
	objectVersion = 51;
	objects = {

/* Begin PBXBuildFile section */
		66836B4323DBBEA40094E46E /* BeerRandomNavigationController.swift in Sources */ = {isa = PBXBuildFile; fileRef = 66836B4223DBBEA40094E46E /* BeerRandomNavigationController.swift */; };
		66836B4923DBC4BE0094E46E /* BeerRandomView.swift in Sources */ = {isa = PBXBuildFile; fileRef = 66836B4823DBC4BE0094E46E /* BeerRandomView.swift */; };
		66836B4B23DBD58B0094E46E /* RootViewModel.swift in Sources */ = {isa = PBXBuildFile; fileRef = 66836B4A23DBD58B0094E46E /* RootViewModel.swift */; };
		66836B4D23DBEB140094E46E /* BeerRandomCollectionViewCell.swift in Sources */ = {isa = PBXBuildFile; fileRef = 66836B4C23DBEB140094E46E /* BeerRandomCollectionViewCell.swift */; };
		66836B4F23DC86CF0094E46E /* BeerCellViewModel.swift in Sources */ = {isa = PBXBuildFile; fileRef = 66836B4E23DC86CF0094E46E /* BeerCellViewModel.swift */; };
		66836B5323DC907C0094E46E /* Constants.swift in Sources */ = {isa = PBXBuildFile; fileRef = 66836B5223DC907C0094E46E /* Constants.swift */; };
		66836B5623DC95700094E46E /* BeersService.swift in Sources */ = {isa = PBXBuildFile; fileRef = 66836B5523DC95700094E46E /* BeersService.swift */; };
		66836B5823DC962A0094E46E /* Erros.swift in Sources */ = {isa = PBXBuildFile; fileRef = 66836B5723DC962A0094E46E /* Erros.swift */; };
		66836B5A23DCA13C0094E46E /* Beer.swift in Sources */ = {isa = PBXBuildFile; fileRef = 66836B5923DCA13C0094E46E /* Beer.swift */; };
		66836B5D23DD02560094E46E /* RootTabBarController.swift in Sources */ = {isa = PBXBuildFile; fileRef = 66836B5C23DD02560094E46E /* RootTabBarController.swift */; };
		66836B6023DD06AE0094E46E /* SearchBeerNavigationController.swift in Sources */ = {isa = PBXBuildFile; fileRef = 66836B5F23DD06AE0094E46E /* SearchBeerNavigationController.swift */; };
		66836B6323DD08C40094E46E /* SearchBeerViewController.swift in Sources */ = {isa = PBXBuildFile; fileRef = 66836B6223DD08C40094E46E /* SearchBeerViewController.swift */; };
		66836B6523DD0B110094E46E /* SearchBeerView.swift in Sources */ = {isa = PBXBuildFile; fileRef = 66836B6423DD0B110094E46E /* SearchBeerView.swift */; };
		66836B6723DD2C440094E46E /* SearchBeerNotFoundView.swift in Sources */ = {isa = PBXBuildFile; fileRef = 66836B6623DD2C440094E46E /* SearchBeerNotFoundView.swift */; };
		66836B6A23DD31010094E46E /* SearchBeerNotFoundViewModel.swift in Sources */ = {isa = PBXBuildFile; fileRef = 66836B6923DD31010094E46E /* SearchBeerNotFoundViewModel.swift */; };
		66836B6C23DD39070094E46E /* SearchBeerNetworkErrorView.swift in Sources */ = {isa = PBXBuildFile; fileRef = 66836B6B23DD39070094E46E /* SearchBeerNetworkErrorView.swift */; };
		66836B6E23DD3A310094E46E /* SearchBeerNetworkErrorViewModel.swift in Sources */ = {isa = PBXBuildFile; fileRef = 66836B6D23DD3A310094E46E /* SearchBeerNetworkErrorViewModel.swift */; };
		66836B7023DD40020094E46E /* SearchBeerSearchingView.swift in Sources */ = {isa = PBXBuildFile; fileRef = 66836B6F23DD40020094E46E /* SearchBeerSearchingView.swift */; };
		66836B7223DD40370094E46E /* SearchBeerSearchingViewModel.swift in Sources */ = {isa = PBXBuildFile; fileRef = 66836B7123DD40370094E46E /* SearchBeerSearchingViewModel.swift */; };
		66836B7423DD454F0094E46E /* SearchBeerViewModel.swift in Sources */ = {isa = PBXBuildFile; fileRef = 66836B7323DD454F0094E46E /* SearchBeerViewModel.swift */; };
		66836B7623DD4CD20094E46E /* SearchBeerTableView.swift in Sources */ = {isa = PBXBuildFile; fileRef = 66836B7523DD4CD20094E46E /* SearchBeerTableView.swift */; };
		66836B7823DD6A9F0094E46E /* SearchBeerCellViewModel.swift in Sources */ = {isa = PBXBuildFile; fileRef = 66836B7723DD6A9F0094E46E /* SearchBeerCellViewModel.swift */; };
		66836B7B23DE20120094E46E /* SearchBeerDetailsViewController.swift in Sources */ = {isa = PBXBuildFile; fileRef = 66836B7A23DE20120094E46E /* SearchBeerDetailsViewController.swift */; };
		66836B7E23DE25CE0094E46E /* SearchBeerDetailsView.swift in Sources */ = {isa = PBXBuildFile; fileRef = 66836B7D23DE25CE0094E46E /* SearchBeerDetailsView.swift */; };
		66F3C32023DBAD4C0089C650 /* AppDelegate.swift in Sources */ = {isa = PBXBuildFile; fileRef = 66F3C31F23DBAD4C0089C650 /* AppDelegate.swift */; };
		66F3C32223DBAD4C0089C650 /* SceneDelegate.swift in Sources */ = {isa = PBXBuildFile; fileRef = 66F3C32123DBAD4C0089C650 /* SceneDelegate.swift */; };
		66F3C32423DBAD4C0089C650 /* BeerRandomViewController.swift in Sources */ = {isa = PBXBuildFile; fileRef = 66F3C32323DBAD4C0089C650 /* BeerRandomViewController.swift */; };
		66F3C32723DBAD4C0089C650 /* Main.storyboard in Resources */ = {isa = PBXBuildFile; fileRef = 66F3C32523DBAD4C0089C650 /* Main.storyboard */; };
		66F3C32923DBAD4E0089C650 /* Assets.xcassets in Resources */ = {isa = PBXBuildFile; fileRef = 66F3C32823DBAD4E0089C650 /* Assets.xcassets */; };
		66F3C32C23DBAD4E0089C650 /* LaunchScreen.storyboard in Resources */ = {isa = PBXBuildFile; fileRef = 66F3C32A23DBAD4E0089C650 /* LaunchScreen.storyboard */; };
		B0C5300330BD381F22622939 /* Pods_Teste_James.framework in Frameworks */ = {isa = PBXBuildFile; fileRef = 98E672492138B29659B1A8B3 /* Pods_Teste_James.framework */; };
/* End PBXBuildFile section */

/* Begin PBXFileReference section */
		66836B4223DBBEA40094E46E /* BeerRandomNavigationController.swift */ = {isa = PBXFileReference; lastKnownFileType = sourcecode.swift; path = BeerRandomNavigationController.swift; sourceTree = "<group>"; };
		66836B4823DBC4BE0094E46E /* BeerRandomView.swift */ = {isa = PBXFileReference; lastKnownFileType = sourcecode.swift; path = BeerRandomView.swift; sourceTree = "<group>"; };
		66836B4A23DBD58B0094E46E /* RootViewModel.swift */ = {isa = PBXFileReference; lastKnownFileType = sourcecode.swift; path = RootViewModel.swift; sourceTree = "<group>"; };
		66836B4C23DBEB140094E46E /* BeerRandomCollectionViewCell.swift */ = {isa = PBXFileReference; lastKnownFileType = sourcecode.swift; path = BeerRandomCollectionViewCell.swift; sourceTree = "<group>"; };
		66836B4E23DC86CF0094E46E /* BeerCellViewModel.swift */ = {isa = PBXFileReference; lastKnownFileType = sourcecode.swift; path = BeerCellViewModel.swift; sourceTree = "<group>"; };
		66836B5223DC907C0094E46E /* Constants.swift */ = {isa = PBXFileReference; lastKnownFileType = sourcecode.swift; path = Constants.swift; sourceTree = "<group>"; };
		66836B5523DC95700094E46E /* BeersService.swift */ = {isa = PBXFileReference; lastKnownFileType = sourcecode.swift; path = BeersService.swift; sourceTree = "<group>"; };
		66836B5723DC962A0094E46E /* Erros.swift */ = {isa = PBXFileReference; lastKnownFileType = sourcecode.swift; path = Erros.swift; sourceTree = "<group>"; };
		66836B5923DCA13C0094E46E /* Beer.swift */ = {isa = PBXFileReference; lastKnownFileType = sourcecode.swift; path = Beer.swift; sourceTree = "<group>"; };
		66836B5C23DD02560094E46E /* RootTabBarController.swift */ = {isa = PBXFileReference; lastKnownFileType = sourcecode.swift; path = RootTabBarController.swift; sourceTree = "<group>"; };
		66836B5F23DD06AE0094E46E /* SearchBeerNavigationController.swift */ = {isa = PBXFileReference; lastKnownFileType = sourcecode.swift; path = SearchBeerNavigationController.swift; sourceTree = "<group>"; };
		66836B6223DD08C40094E46E /* SearchBeerViewController.swift */ = {isa = PBXFileReference; lastKnownFileType = sourcecode.swift; path = SearchBeerViewController.swift; sourceTree = "<group>"; };
		66836B6423DD0B110094E46E /* SearchBeerView.swift */ = {isa = PBXFileReference; lastKnownFileType = sourcecode.swift; path = SearchBeerView.swift; sourceTree = "<group>"; };
		66836B6623DD2C440094E46E /* SearchBeerNotFoundView.swift */ = {isa = PBXFileReference; lastKnownFileType = sourcecode.swift; path = SearchBeerNotFoundView.swift; sourceTree = "<group>"; };
		66836B6923DD31010094E46E /* SearchBeerNotFoundViewModel.swift */ = {isa = PBXFileReference; lastKnownFileType = sourcecode.swift; path = SearchBeerNotFoundViewModel.swift; sourceTree = "<group>"; };
		66836B6B23DD39070094E46E /* SearchBeerNetworkErrorView.swift */ = {isa = PBXFileReference; lastKnownFileType = sourcecode.swift; path = SearchBeerNetworkErrorView.swift; sourceTree = "<group>"; };
		66836B6D23DD3A310094E46E /* SearchBeerNetworkErrorViewModel.swift */ = {isa = PBXFileReference; lastKnownFileType = sourcecode.swift; path = SearchBeerNetworkErrorViewModel.swift; sourceTree = "<group>"; };
		66836B6F23DD40020094E46E /* SearchBeerSearchingView.swift */ = {isa = PBXFileReference; lastKnownFileType = sourcecode.swift; path = SearchBeerSearchingView.swift; sourceTree = "<group>"; };
		66836B7123DD40370094E46E /* SearchBeerSearchingViewModel.swift */ = {isa = PBXFileReference; lastKnownFileType = sourcecode.swift; path = SearchBeerSearchingViewModel.swift; sourceTree = "<group>"; };
		66836B7323DD454F0094E46E /* SearchBeerViewModel.swift */ = {isa = PBXFileReference; lastKnownFileType = sourcecode.swift; path = SearchBeerViewModel.swift; sourceTree = "<group>"; };
		66836B7523DD4CD20094E46E /* SearchBeerTableView.swift */ = {isa = PBXFileReference; lastKnownFileType = sourcecode.swift; path = SearchBeerTableView.swift; sourceTree = "<group>"; };
		66836B7723DD6A9F0094E46E /* SearchBeerCellViewModel.swift */ = {isa = PBXFileReference; lastKnownFileType = sourcecode.swift; path = SearchBeerCellViewModel.swift; sourceTree = "<group>"; };
		66836B7A23DE20120094E46E /* SearchBeerDetailsViewController.swift */ = {isa = PBXFileReference; lastKnownFileType = sourcecode.swift; path = SearchBeerDetailsViewController.swift; sourceTree = "<group>"; };
		66836B7D23DE25CE0094E46E /* SearchBeerDetailsView.swift */ = {isa = PBXFileReference; lastKnownFileType = sourcecode.swift; path = SearchBeerDetailsView.swift; sourceTree = "<group>"; };
		66F3C31C23DBAD4C0089C650 /* Teste_James.app */ = {isa = PBXFileReference; explicitFileType = wrapper.application; includeInIndex = 0; path = Teste_James.app; sourceTree = BUILT_PRODUCTS_DIR; };
		66F3C31F23DBAD4C0089C650 /* AppDelegate.swift */ = {isa = PBXFileReference; lastKnownFileType = sourcecode.swift; path = AppDelegate.swift; sourceTree = "<group>"; };
		66F3C32123DBAD4C0089C650 /* SceneDelegate.swift */ = {isa = PBXFileReference; lastKnownFileType = sourcecode.swift; path = SceneDelegate.swift; sourceTree = "<group>"; };
		66F3C32323DBAD4C0089C650 /* BeerRandomViewController.swift */ = {isa = PBXFileReference; lastKnownFileType = sourcecode.swift; path = BeerRandomViewController.swift; sourceTree = "<group>"; };
		66F3C32623DBAD4C0089C650 /* Base */ = {isa = PBXFileReference; lastKnownFileType = file.storyboard; name = Base; path = Base.lproj/Main.storyboard; sourceTree = "<group>"; };
		66F3C32823DBAD4E0089C650 /* Assets.xcassets */ = {isa = PBXFileReference; lastKnownFileType = folder.assetcatalog; path = Assets.xcassets; sourceTree = "<group>"; };
		66F3C32B23DBAD4E0089C650 /* Base */ = {isa = PBXFileReference; lastKnownFileType = file.storyboard; name = Base; path = Base.lproj/LaunchScreen.storyboard; sourceTree = "<group>"; };
		66F3C32D23DBAD4E0089C650 /* Info.plist */ = {isa = PBXFileReference; lastKnownFileType = text.plist.xml; path = Info.plist; sourceTree = "<group>"; };
		83A67CD61CD39960199E6130 /* Pods-Teste_James.debug.xcconfig */ = {isa = PBXFileReference; includeInIndex = 1; lastKnownFileType = text.xcconfig; name = "Pods-Teste_James.debug.xcconfig"; path = "Target Support Files/Pods-Teste_James/Pods-Teste_James.debug.xcconfig"; sourceTree = "<group>"; };
		98E672492138B29659B1A8B3 /* Pods_Teste_James.framework */ = {isa = PBXFileReference; explicitFileType = wrapper.framework; includeInIndex = 0; path = Pods_Teste_James.framework; sourceTree = BUILT_PRODUCTS_DIR; };
		DC2E2940AB84F9B4CC9C5B74 /* Pods-Teste_James.release.xcconfig */ = {isa = PBXFileReference; includeInIndex = 1; lastKnownFileType = text.xcconfig; name = "Pods-Teste_James.release.xcconfig"; path = "Target Support Files/Pods-Teste_James/Pods-Teste_James.release.xcconfig"; sourceTree = "<group>"; };
/* End PBXFileReference section */

/* Begin PBXFrameworksBuildPhase section */
		66F3C31923DBAD4C0089C650 /* Frameworks */ = {
			isa = PBXFrameworksBuildPhase;
			buildActionMask = 2147483647;
			files = (
				B0C5300330BD381F22622939 /* Pods_Teste_James.framework in Frameworks */,
			);
			runOnlyForDeploymentPostprocessing = 0;
		};
/* End PBXFrameworksBuildPhase section */

/* Begin PBXGroup section */
		0C3C330AECD78700121BB544 /* Frameworks */ = {
			isa = PBXGroup;
			children = (
				98E672492138B29659B1A8B3 /* Pods_Teste_James.framework */,
			);
			name = Frameworks;
			sourceTree = "<group>";
		};
		1B09B89778C651717CD3776D /* Pods */ = {
			isa = PBXGroup;
			children = (
				83A67CD61CD39960199E6130 /* Pods-Teste_James.debug.xcconfig */,
				DC2E2940AB84F9B4CC9C5B74 /* Pods-Teste_James.release.xcconfig */,
			);
			path = Pods;
			sourceTree = "<group>";
		};
		66836B4123DBBCE90094E46E /* Features */ = {
			isa = PBXGroup;
			children = (
				66836B5E23DD065B0094E46E /* SearchBeer */,
				66836B5B23DD02330094E46E /* TabBar */,
				66836B4423DBC41D0094E46E /* BeerRandom */,
			);
			path = Features;
			sourceTree = "<group>";
		};
		66836B4423DBC41D0094E46E /* BeerRandom */ = {
			isa = PBXGroup;
			children = (
				66836B4223DBBEA40094E46E /* BeerRandomNavigationController.swift */,
				66836B4723DBC4A10094E46E /* ViewModel */,
				66836B4623DBC4930094E46E /* Model */,
				66836B4523DBC4800094E46E /* View */,
			);
			path = BeerRandom;
			sourceTree = "<group>";
		};
		66836B4523DBC4800094E46E /* View */ = {
			isa = PBXGroup;
			children = (
				66F3C32323DBAD4C0089C650 /* BeerRandomViewController.swift */,
				66836B4823DBC4BE0094E46E /* BeerRandomView.swift */,
				66836B4C23DBEB140094E46E /* BeerRandomCollectionViewCell.swift */,
			);
			path = View;
			sourceTree = "<group>";
		};
		66836B4623DBC4930094E46E /* Model */ = {
			isa = PBXGroup;
			children = (
				66836B5923DCA13C0094E46E /* Beer.swift */,
			);
			path = Model;
			sourceTree = "<group>";
		};
		66836B4723DBC4A10094E46E /* ViewModel */ = {
			isa = PBXGroup;
			children = (
				66836B4A23DBD58B0094E46E /* RootViewModel.swift */,
				66836B4E23DC86CF0094E46E /* BeerCellViewModel.swift */,
			);
			path = ViewModel;
			sourceTree = "<group>";
		};
		66836B5023DC8EE60094E46E /* Constants */ = {
			isa = PBXGroup;
			children = (
				66836B5223DC907C0094E46E /* Constants.swift */,
				66836B5723DC962A0094E46E /* Erros.swift */,
			);
			path = Constants;
			sourceTree = "<group>";
		};
		66836B5123DC8EF40094E46E /* Delegates */ = {
			isa = PBXGroup;
			children = (
				66F3C31F23DBAD4C0089C650 /* AppDelegate.swift */,
				66F3C32123DBAD4C0089C650 /* SceneDelegate.swift */,
			);
			path = Delegates;
			sourceTree = "<group>";
		};
		66836B5423DC953D0094E46E /* Services */ = {
			isa = PBXGroup;
			children = (
				66836B5523DC95700094E46E /* BeersService.swift */,
			);
			path = Services;
			sourceTree = "<group>";
		};
		66836B5B23DD02330094E46E /* TabBar */ = {
			isa = PBXGroup;
			children = (
				66836B5C23DD02560094E46E /* RootTabBarController.swift */,
			);
			path = TabBar;
			sourceTree = "<group>";
		};
		66836B5E23DD065B0094E46E /* SearchBeer */ = {
			isa = PBXGroup;
			children = (
				66836B7923DE1FB90094E46E /* SearchBeerDetails */,
				66836B6823DD30B80094E46E /* ViewModel */,
				66836B6123DD08840094E46E /* View */,
				66836B5F23DD06AE0094E46E /* SearchBeerNavigationController.swift */,
			);
			path = SearchBeer;
			sourceTree = "<group>";
		};
		66836B6123DD08840094E46E /* View */ = {
			isa = PBXGroup;
			children = (
				66836B6423DD0B110094E46E /* SearchBeerView.swift */,
				66836B6223DD08C40094E46E /* SearchBeerViewController.swift */,
				66836B6623DD2C440094E46E /* SearchBeerNotFoundView.swift */,
				66836B6B23DD39070094E46E /* SearchBeerNetworkErrorView.swift */,
				66836B6F23DD40020094E46E /* SearchBeerSearchingView.swift */,
				66836B7523DD4CD20094E46E /* SearchBeerTableView.swift */,
			);
			path = View;
			sourceTree = "<group>";
		};
		66836B6823DD30B80094E46E /* ViewModel */ = {
			isa = PBXGroup;
			children = (
				66836B6923DD31010094E46E /* SearchBeerNotFoundViewModel.swift */,
				66836B6D23DD3A310094E46E /* SearchBeerNetworkErrorViewModel.swift */,
				66836B7123DD40370094E46E /* SearchBeerSearchingViewModel.swift */,
				66836B7323DD454F0094E46E /* SearchBeerViewModel.swift */,
				66836B7723DD6A9F0094E46E /* SearchBeerCellViewModel.swift */,
			);
			path = ViewModel;
			sourceTree = "<group>";
		};
		66836B7923DE1FB90094E46E /* SearchBeerDetails */ = {
			isa = PBXGroup;
			children = (
				66836B7C23DE259C0094E46E /* view */,
			);
			path = SearchBeerDetails;
			sourceTree = "<group>";
		};
		66836B7C23DE259C0094E46E /* view */ = {
			isa = PBXGroup;
			children = (
				66836B7A23DE20120094E46E /* SearchBeerDetailsViewController.swift */,
				66836B7D23DE25CE0094E46E /* SearchBeerDetailsView.swift */,
			);
			path = view;
			sourceTree = "<group>";
		};
		66F3C31323DBAD4C0089C650 = {
			isa = PBXGroup;
			children = (
				66F3C31E23DBAD4C0089C650 /* Teste_James */,
				66F3C31D23DBAD4C0089C650 /* Products */,
				1B09B89778C651717CD3776D /* Pods */,
				0C3C330AECD78700121BB544 /* Frameworks */,
			);
			sourceTree = "<group>";
		};
		66F3C31D23DBAD4C0089C650 /* Products */ = {
			isa = PBXGroup;
			children = (
				66F3C31C23DBAD4C0089C650 /* Teste_James.app */,
			);
			name = Products;
			sourceTree = "<group>";
		};
		66F3C31E23DBAD4C0089C650 /* Teste_James */ = {
			isa = PBXGroup;
			children = (
				66836B5423DC953D0094E46E /* Services */,
				66836B5123DC8EF40094E46E /* Delegates */,
				66836B5023DC8EE60094E46E /* Constants */,
				66836B4123DBBCE90094E46E /* Features */,
				66F3C32523DBAD4C0089C650 /* Main.storyboard */,
				66F3C32823DBAD4E0089C650 /* Assets.xcassets */,
				66F3C32A23DBAD4E0089C650 /* LaunchScreen.storyboard */,
				66F3C32D23DBAD4E0089C650 /* Info.plist */,
			);
			path = Teste_James;
			sourceTree = "<group>";
		};
/* End PBXGroup section */

/* Begin PBXNativeTarget section */
		66F3C31B23DBAD4C0089C650 /* Teste_James */ = {
			isa = PBXNativeTarget;
			buildConfigurationList = 66F3C33023DBAD4E0089C650 /* Build configuration list for PBXNativeTarget "Teste_James" */;
			buildPhases = (
				8DB092B0E343D5DD8629887F /* [CP] Check Pods Manifest.lock */,
				66F3C31823DBAD4C0089C650 /* Sources */,
				66F3C31923DBAD4C0089C650 /* Frameworks */,
				66F3C31A23DBAD4C0089C650 /* Resources */,
				7E7F27C2C2B2DE3ACCA0F2A4 /* [CP] Embed Pods Frameworks */,
			);
			buildRules = (
			);
			dependencies = (
			);
			name = Teste_James;
			productName = Teste_James;
			productReference = 66F3C31C23DBAD4C0089C650 /* Teste_James.app */;
			productType = "com.apple.product-type.application";
		};
/* End PBXNativeTarget section */

/* Begin PBXProject section */
		66F3C31423DBAD4C0089C650 /* Project object */ = {
			isa = PBXProject;
			attributes = {
				LastSwiftUpdateCheck = 1130;
				LastUpgradeCheck = 1130;
				ORGANIZATIONNAME = Academy;
				TargetAttributes = {
					66F3C31B23DBAD4C0089C650 = {
						CreatedOnToolsVersion = 11.3.1;
					};
				};
			};
			buildConfigurationList = 66F3C31723DBAD4C0089C650 /* Build configuration list for PBXProject "Teste_James" */;
			compatibilityVersion = "Xcode 9.3";
			developmentRegion = en;
			hasScannedForEncodings = 0;
			knownRegions = (
				en,
				Base,
			);
			mainGroup = 66F3C31323DBAD4C0089C650;
			productRefGroup = 66F3C31D23DBAD4C0089C650 /* Products */;
			projectDirPath = "";
			projectRoot = "";
			targets = (
				66F3C31B23DBAD4C0089C650 /* Teste_James */,
			);
		};
/* End PBXProject section */

/* Begin PBXResourcesBuildPhase section */
		66F3C31A23DBAD4C0089C650 /* Resources */ = {
			isa = PBXResourcesBuildPhase;
			buildActionMask = 2147483647;
			files = (
				66F3C32C23DBAD4E0089C650 /* LaunchScreen.storyboard in Resources */,
				66F3C32923DBAD4E0089C650 /* Assets.xcassets in Resources */,
				66F3C32723DBAD4C0089C650 /* Main.storyboard in Resources */,
			);
			runOnlyForDeploymentPostprocessing = 0;
		};
/* End PBXResourcesBuildPhase section */

/* Begin PBXShellScriptBuildPhase section */
		7E7F27C2C2B2DE3ACCA0F2A4 /* [CP] Embed Pods Frameworks */ = {
			isa = PBXShellScriptBuildPhase;
			buildActionMask = 2147483647;
			files = (
			);
			inputFileListPaths = (
				"${PODS_ROOT}/Target Support Files/Pods-Teste_James/Pods-Teste_James-frameworks-${CONFIGURATION}-input-files.xcfilelist",
			);
			name = "[CP] Embed Pods Frameworks";
			outputFileListPaths = (
				"${PODS_ROOT}/Target Support Files/Pods-Teste_James/Pods-Teste_James-frameworks-${CONFIGURATION}-output-files.xcfilelist",
			);
			runOnlyForDeploymentPostprocessing = 0;
			shellPath = /bin/sh;
			shellScript = "\"${PODS_ROOT}/Target Support Files/Pods-Teste_James/Pods-Teste_James-frameworks.sh\"\n";
			showEnvVarsInLog = 0;
		};
		8DB092B0E343D5DD8629887F /* [CP] Check Pods Manifest.lock */ = {
			isa = PBXShellScriptBuildPhase;
			buildActionMask = 2147483647;
			files = (
			);
			inputFileListPaths = (
			);
			inputPaths = (
				"${PODS_PODFILE_DIR_PATH}/Podfile.lock",
				"${PODS_ROOT}/Manifest.lock",
			);
			name = "[CP] Check Pods Manifest.lock";
			outputFileListPaths = (
			);
			outputPaths = (
				"$(DERIVED_FILE_DIR)/Pods-Teste_James-checkManifestLockResult.txt",
			);
			runOnlyForDeploymentPostprocessing = 0;
			shellPath = /bin/sh;
			shellScript = "diff \"${PODS_PODFILE_DIR_PATH}/Podfile.lock\" \"${PODS_ROOT}/Manifest.lock\" > /dev/null\nif [ $? != 0 ] ; then\n    # print error to STDERR\n    echo \"error: The sandbox is not in sync with the Podfile.lock. Run 'pod install' or update your CocoaPods installation.\" >&2\n    exit 1\nfi\n# This output is used by Xcode 'outputs' to avoid re-running this script phase.\necho \"SUCCESS\" > \"${SCRIPT_OUTPUT_FILE_0}\"\n";
			showEnvVarsInLog = 0;
		};
/* End PBXShellScriptBuildPhase section */

/* Begin PBXSourcesBuildPhase section */
		66F3C31823DBAD4C0089C650 /* Sources */ = {
			isa = PBXSourcesBuildPhase;
			buildActionMask = 2147483647;
			files = (
				66F3C32423DBAD4C0089C650 /* BeerRandomViewController.swift in Sources */,
				66836B5D23DD02560094E46E /* RootTabBarController.swift in Sources */,
				66836B4D23DBEB140094E46E /* BeerRandomCollectionViewCell.swift in Sources */,
				66836B4323DBBEA40094E46E /* BeerRandomNavigationController.swift in Sources */,
				66836B6C23DD39070094E46E /* SearchBeerNetworkErrorView.swift in Sources */,
				66F3C32023DBAD4C0089C650 /* AppDelegate.swift in Sources */,
				66836B7E23DE25CE0094E46E /* SearchBeerDetailsView.swift in Sources */,
				66836B6023DD06AE0094E46E /* SearchBeerNavigationController.swift in Sources */,
				66836B6323DD08C40094E46E /* SearchBeerViewController.swift in Sources */,
				66836B5823DC962A0094E46E /* Erros.swift in Sources */,
				66836B4F23DC86CF0094E46E /* BeerCellViewModel.swift in Sources */,
				66836B6A23DD31010094E46E /* SearchBeerNotFoundViewModel.swift in Sources */,
				66836B7223DD40370094E46E /* SearchBeerSearchingViewModel.swift in Sources */,
				66836B6723DD2C440094E46E /* SearchBeerNotFoundView.swift in Sources */,
				66836B6E23DD3A310094E46E /* SearchBeerNetworkErrorViewModel.swift in Sources */,
				66F3C32223DBAD4C0089C650 /* SceneDelegate.swift in Sources */,
				66836B5A23DCA13C0094E46E /* Beer.swift in Sources */,
				66836B4B23DBD58B0094E46E /* RootViewModel.swift in Sources */,
				66836B7623DD4CD20094E46E /* SearchBeerTableView.swift in Sources */,
				66836B5623DC95700094E46E /* BeersService.swift in Sources */,
				66836B4923DBC4BE0094E46E /* BeerRandomView.swift in Sources */,
				66836B7023DD40020094E46E /* SearchBeerSearchingView.swift in Sources */,
				66836B6523DD0B110094E46E /* SearchBeerView.swift in Sources */,
				66836B5323DC907C0094E46E /* Constants.swift in Sources */,
				66836B7B23DE20120094E46E /* SearchBeerDetailsViewController.swift in Sources */,
				66836B7423DD454F0094E46E /* SearchBeerViewModel.swift in Sources */,
				66836B7823DD6A9F0094E46E /* SearchBeerCellViewModel.swift in Sources */,
			);
			runOnlyForDeploymentPostprocessing = 0;
		};
/* End PBXSourcesBuildPhase section */

/* Begin PBXVariantGroup section */
		66F3C32523DBAD4C0089C650 /* Main.storyboard */ = {
			isa = PBXVariantGroup;
			children = (
				66F3C32623DBAD4C0089C650 /* Base */,
			);
			name = Main.storyboard;
			sourceTree = "<group>";
		};
		66F3C32A23DBAD4E0089C650 /* LaunchScreen.storyboard */ = {
			isa = PBXVariantGroup;
			children = (
				66F3C32B23DBAD4E0089C650 /* Base */,
			);
			name = LaunchScreen.storyboard;
			sourceTree = "<group>";
		};
/* End PBXVariantGroup section */

/* Begin XCBuildConfiguration section */
		66F3C32E23DBAD4E0089C650 /* Debug */ = {
			isa = XCBuildConfiguration;
			buildSettings = {
				ALWAYS_SEARCH_USER_PATHS = NO;
				CLANG_ANALYZER_NONNULL = YES;
				CLANG_ANALYZER_NUMBER_OBJECT_CONVERSION = YES_AGGRESSIVE;
				CLANG_CXX_LANGUAGE_STANDARD = "gnu++14";
				CLANG_CXX_LIBRARY = "libc++";
				CLANG_ENABLE_MODULES = YES;
				CLANG_ENABLE_OBJC_ARC = YES;
				CLANG_ENABLE_OBJC_WEAK = YES;
				CLANG_WARN_BLOCK_CAPTURE_AUTORELEASING = YES;
				CLANG_WARN_BOOL_CONVERSION = YES;
				CLANG_WARN_COMMA = YES;
				CLANG_WARN_CONSTANT_CONVERSION = YES;
				CLANG_WARN_DEPRECATED_OBJC_IMPLEMENTATIONS = YES;
				CLANG_WARN_DIRECT_OBJC_ISA_USAGE = YES_ERROR;
				CLANG_WARN_DOCUMENTATION_COMMENTS = YES;
				CLANG_WARN_EMPTY_BODY = YES;
				CLANG_WARN_ENUM_CONVERSION = YES;
				CLANG_WARN_INFINITE_RECURSION = YES;
				CLANG_WARN_INT_CONVERSION = YES;
				CLANG_WARN_NON_LITERAL_NULL_CONVERSION = YES;
				CLANG_WARN_OBJC_IMPLICIT_RETAIN_SELF = YES;
				CLANG_WARN_OBJC_LITERAL_CONVERSION = YES;
				CLANG_WARN_OBJC_ROOT_CLASS = YES_ERROR;
				CLANG_WARN_RANGE_LOOP_ANALYSIS = YES;
				CLANG_WARN_STRICT_PROTOTYPES = YES;
				CLANG_WARN_SUSPICIOUS_MOVE = YES;
				CLANG_WARN_UNGUARDED_AVAILABILITY = YES_AGGRESSIVE;
				CLANG_WARN_UNREACHABLE_CODE = YES;
				CLANG_WARN__DUPLICATE_METHOD_MATCH = YES;
				COPY_PHASE_STRIP = NO;
				DEBUG_INFORMATION_FORMAT = dwarf;
				ENABLE_STRICT_OBJC_MSGSEND = YES;
				ENABLE_TESTABILITY = YES;
				GCC_C_LANGUAGE_STANDARD = gnu11;
				GCC_DYNAMIC_NO_PIC = NO;
				GCC_NO_COMMON_BLOCKS = YES;
				GCC_OPTIMIZATION_LEVEL = 0;
				GCC_PREPROCESSOR_DEFINITIONS = (
					"DEBUG=1",
					"$(inherited)",
				);
				GCC_WARN_64_TO_32_BIT_CONVERSION = YES;
				GCC_WARN_ABOUT_RETURN_TYPE = YES_ERROR;
				GCC_WARN_UNDECLARED_SELECTOR = YES;
				GCC_WARN_UNINITIALIZED_AUTOS = YES_AGGRESSIVE;
				GCC_WARN_UNUSED_FUNCTION = YES;
				GCC_WARN_UNUSED_VARIABLE = YES;
				IPHONEOS_DEPLOYMENT_TARGET = 13.2;
				MTL_ENABLE_DEBUG_INFO = INCLUDE_SOURCE;
				MTL_FAST_MATH = YES;
				ONLY_ACTIVE_ARCH = YES;
				SDKROOT = iphoneos;
				SWIFT_ACTIVE_COMPILATION_CONDITIONS = DEBUG;
				SWIFT_OPTIMIZATION_LEVEL = "-Onone";
			};
			name = Debug;
		};
		66F3C32F23DBAD4E0089C650 /* Release */ = {
			isa = XCBuildConfiguration;
			buildSettings = {
				ALWAYS_SEARCH_USER_PATHS = NO;
				CLANG_ANALYZER_NONNULL = YES;
				CLANG_ANALYZER_NUMBER_OBJECT_CONVERSION = YES_AGGRESSIVE;
				CLANG_CXX_LANGUAGE_STANDARD = "gnu++14";
				CLANG_CXX_LIBRARY = "libc++";
				CLANG_ENABLE_MODULES = YES;
				CLANG_ENABLE_OBJC_ARC = YES;
				CLANG_ENABLE_OBJC_WEAK = YES;
				CLANG_WARN_BLOCK_CAPTURE_AUTORELEASING = YES;
				CLANG_WARN_BOOL_CONVERSION = YES;
				CLANG_WARN_COMMA = YES;
				CLANG_WARN_CONSTANT_CONVERSION = YES;
				CLANG_WARN_DEPRECATED_OBJC_IMPLEMENTATIONS = YES;
				CLANG_WARN_DIRECT_OBJC_ISA_USAGE = YES_ERROR;
				CLANG_WARN_DOCUMENTATION_COMMENTS = YES;
				CLANG_WARN_EMPTY_BODY = YES;
				CLANG_WARN_ENUM_CONVERSION = YES;
				CLANG_WARN_INFINITE_RECURSION = YES;
				CLANG_WARN_INT_CONVERSION = YES;
				CLANG_WARN_NON_LITERAL_NULL_CONVERSION = YES;
				CLANG_WARN_OBJC_IMPLICIT_RETAIN_SELF = YES;
				CLANG_WARN_OBJC_LITERAL_CONVERSION = YES;
				CLANG_WARN_OBJC_ROOT_CLASS = YES_ERROR;
				CLANG_WARN_RANGE_LOOP_ANALYSIS = YES;
				CLANG_WARN_STRICT_PROTOTYPES = YES;
				CLANG_WARN_SUSPICIOUS_MOVE = YES;
				CLANG_WARN_UNGUARDED_AVAILABILITY = YES_AGGRESSIVE;
				CLANG_WARN_UNREACHABLE_CODE = YES;
				CLANG_WARN__DUPLICATE_METHOD_MATCH = YES;
				COPY_PHASE_STRIP = NO;
				DEBUG_INFORMATION_FORMAT = "dwarf-with-dsym";
				ENABLE_NS_ASSERTIONS = NO;
				ENABLE_STRICT_OBJC_MSGSEND = YES;
				GCC_C_LANGUAGE_STANDARD = gnu11;
				GCC_NO_COMMON_BLOCKS = YES;
				GCC_WARN_64_TO_32_BIT_CONVERSION = YES;
				GCC_WARN_ABOUT_RETURN_TYPE = YES_ERROR;
				GCC_WARN_UNDECLARED_SELECTOR = YES;
				GCC_WARN_UNINITIALIZED_AUTOS = YES_AGGRESSIVE;
				GCC_WARN_UNUSED_FUNCTION = YES;
				GCC_WARN_UNUSED_VARIABLE = YES;
				IPHONEOS_DEPLOYMENT_TARGET = 13.2;
				MTL_ENABLE_DEBUG_INFO = NO;
				MTL_FAST_MATH = YES;
				SDKROOT = iphoneos;
				SWIFT_COMPILATION_MODE = wholemodule;
				SWIFT_OPTIMIZATION_LEVEL = "-O";
				VALIDATE_PRODUCT = YES;
			};
			name = Release;
		};
		66F3C33123DBAD4E0089C650 /* Debug */ = {
			isa = XCBuildConfiguration;
			baseConfigurationReference = 83A67CD61CD39960199E6130 /* Pods-Teste_James.debug.xcconfig */;
			buildSettings = {
				ASSETCATALOG_COMPILER_APPICON_NAME = AppIcon;
				CODE_SIGN_STYLE = Automatic;
				DEVELOPMENT_TEAM = 33345PGYAZ;
				INFOPLIST_FILE = Teste_James/Info.plist;
				LD_RUNPATH_SEARCH_PATHS = (
					"$(inherited)",
					"@executable_path/Frameworks",
				);
				PRODUCT_BUNDLE_IDENTIFIER = "com.academy.Teste-James";
				PRODUCT_NAME = "$(TARGET_NAME)";
				SWIFT_VERSION = 5.0;
				TARGETED_DEVICE_FAMILY = "1,2";
			};
			name = Debug;
		};
		66F3C33223DBAD4E0089C650 /* Release */ = {
			isa = XCBuildConfiguration;
			baseConfigurationReference = DC2E2940AB84F9B4CC9C5B74 /* Pods-Teste_James.release.xcconfig */;
			buildSettings = {
				ASSETCATALOG_COMPILER_APPICON_NAME = AppIcon;
				CODE_SIGN_STYLE = Automatic;
				DEVELOPMENT_TEAM = 33345PGYAZ;
				INFOPLIST_FILE = Teste_James/Info.plist;
				LD_RUNPATH_SEARCH_PATHS = (
					"$(inherited)",
					"@executable_path/Frameworks",
				);
				PRODUCT_BUNDLE_IDENTIFIER = "com.academy.Teste-James";
				PRODUCT_NAME = "$(TARGET_NAME)";
				SWIFT_VERSION = 5.0;
				TARGETED_DEVICE_FAMILY = "1,2";
			};
			name = Release;
		};
/* End XCBuildConfiguration section */

/* Begin XCConfigurationList section */
		66F3C31723DBAD4C0089C650 /* Build configuration list for PBXProject "Teste_James" */ = {
			isa = XCConfigurationList;
			buildConfigurations = (
				66F3C32E23DBAD4E0089C650 /* Debug */,
				66F3C32F23DBAD4E0089C650 /* Release */,
			);
			defaultConfigurationIsVisible = 0;
			defaultConfigurationName = Release;
		};
		66F3C33023DBAD4E0089C650 /* Build configuration list for PBXNativeTarget "Teste_James" */ = {
			isa = XCConfigurationList;
			buildConfigurations = (
				66F3C33123DBAD4E0089C650 /* Debug */,
				66F3C33223DBAD4E0089C650 /* Release */,
			);
			defaultConfigurationIsVisible = 0;
			defaultConfigurationName = Release;
		};
/* End XCConfigurationList section */
	};
	rootObject = 66F3C31423DBAD4C0089C650 /* Project object */;
}
